
Microsoft Visual Studio Solution File, Format Version 12.00
# Visual Studio Version 17
VisualStudioVersion = 17.0.31903.59
MinimumVisualStudioVersion = 10.0.40219.1
Project("{2150E333-8FDC-42A3-9474-1A3956D46DE8}") = "src", "src", "{6ED356A7-8B47-4613-AD01-C85CF28491BD}"
EndProject
Project("{2150E333-8FDC-42A3-9474-1A3956D46DE8}") = "tests", "tests", "{664D406C-2F83-48F0-BFC3-408D5CB53C65}"
EndProject
Project("{2150E333-8FDC-42A3-9474-1A3956D46DE8}") = "Solution Items", "Solution Items", "{E2DA20AA-28D1-455C-BF50-C49A8F831633}"
	ProjectSection(SolutionItems) = preProject
		.editorconfig = .editorconfig
		.gitignore = .gitignore
		Directory.Build.props = Directory.Build.props
		Directory.Packages.props = Directory.Packages.props
		global.json = global.json
		README.md = README.md
		docker-compose.yml = docker-compose.yml
	EndProjectSection
EndProject
Project("{FAE04EC0-301F-11D3-BF4B-00C04F79EFBC}") = "WebApi", "src\WebApi\WebApi.csproj", "{A56F7876-281C-4D57-BE71-40863302617E}"
EndProject
Project("{FAE04EC0-301F-11D3-BF4B-00C04F79EFBC}") = "Appointments", "src\Appointments\Appointments.csproj", "{5C2462C0-8E81-48CF-840E-ACFF16E037F5}"
EndProject
Project("{FAE04EC0-301F-11D3-BF4B-00C04F79EFBC}") = "HospitalManagement", "src\HospitalManagement\HospitalManagement.csproj", "{8CD56B13-89DD-4826-A516-F124A585DEBC}"
EndProject
Project("{FAE04EC0-301F-11D3-BF4B-00C04F79EFBC}") = "PatientManagement", "src\PatientManagement\PatientManagement.csproj", "{9F03B8C9-DFCC-4B6A-8FD4-821133BCD38C}"
EndProject
Project("{FAE04EC0-301F-11D3-BF4B-00C04F79EFBC}") = "SpecializedExaminations", "src\SpecializedExaminations\SpecializedExaminations.csproj", "{7B7D2628-C78C-4F51-A192-1177C44ACD4B}"
EndProject
Project("{FAE04EC0-301F-11D3-BF4B-00C04F79EFBC}") = "Common", "src\Common\Common.csproj", "{3D60D020-2191-49FB-BF2E-986967364348}"
EndProject
Global
	GlobalSection(SolutionConfigurationPlatforms) = preSolution
		Debug|Any CPU = Debug|Any CPU
		Release|Any CPU = Release|Any CPU
	EndGlobalSection
	GlobalSection(ProjectConfigurationPlatforms) = postSolution
		{A56F7876-281C-4D57-BE71-40863302617E}.Debug|Any CPU.ActiveCfg = Debug|Any CPU
		{A56F7876-281C-4D57-BE71-40863302617E}.Debug|Any CPU.Build.0 = Debug|Any CPU
		{A56F7876-281C-4D57-BE71-40863302617E}.Release|Any CPU.ActiveCfg = Release|Any CPU
		{A56F7876-281C-4D57-BE71-40863302617E}.Release|Any CPU.Build.0 = Release|Any CPU
		{5C2462C0-8E81-48CF-840E-ACFF16E037F5}.Debug|Any CPU.ActiveCfg = Debug|Any CPU
		{5C2462C0-8E81-48CF-840E-ACFF16E037F5}.Debug|Any CPU.Build.0 = Debug|Any CPU
		{5C2462C0-8E81-48CF-840E-ACFF16E037F5}.Release|Any CPU.ActiveCfg = Release|Any CPU
		{5C2462C0-8E81-48CF-840E-ACFF16E037F5}.Release|Any CPU.Build.0 = Release|Any CPU
		{8CD56B13-89DD-4826-A516-F124A585DEBC}.Debug|Any CPU.ActiveCfg = Debug|Any CPU
		{8CD56B13-89DD-4826-A516-F124A585DEBC}.Debug|Any CPU.Build.0 = Debug|Any CPU
		{8CD56B13-89DD-4826-A516-F124A585DEBC}.Release|Any CPU.ActiveCfg = Release|Any CPU
		{8CD56B13-89DD-4826-A516-F124A585DEBC}.Release|Any CPU.Build.0 = Release|Any CPU
		{9F03B8C9-DFCC-4B6A-8FD4-821133BCD38C}.Debug|Any CPU.ActiveCfg = Debug|Any CPU
		{9F03B8C9-DFCC-4B6A-8FD4-821133BCD38C}.Debug|Any CPU.Build.0 = Debug|Any CPU
		{9F03B8C9-DFCC-4B6A-8FD4-821133BCD38C}.Release|Any CPU.ActiveCfg = Release|Any CPU
		{9F03B8C9-DFCC-4B6A-8FD4-821133BCD38C}.Release|Any CPU.Build.0 = Release|Any CPU
		{7B7D2628-C78C-4F51-A192-1177C44ACD4B}.Debug|Any CPU.ActiveCfg = Debug|Any CPU
		{7B7D2628-C78C-4F51-A192-1177C44ACD4B}.Debug|Any CPU.Build.0 = Debug|Any CPU
		{7B7D2628-C78C-4F51-A192-1177C44ACD4B}.Release|Any CPU.ActiveCfg = Release|Any CPU
		{7B7D2628-C78C-4F51-A192-1177C44ACD4B}.Release|Any CPU.Build.0 = Release|Any CPU
		{3D60D020-2191-49FB-BF2E-986967364348}.Debug|Any CPU.ActiveCfg = Debug|Any CPU
		{3D60D020-2191-49FB-BF2E-986967364348}.Debug|Any CPU.Build.0 = Debug|Any CPU
		{3D60D020-2191-49FB-BF2E-986967364348}.Release|Any CPU.ActiveCfg = Release|Any CPU
		{3D60D020-2191-49FB-BF2E-986967364348}.Release|Any CPU.Build.0 = Release|Any CPU
	EndGlobalSection
	GlobalSection(SolutionProperties) = preSolution
		HideSolutionNode = FALSE
	EndGlobalSection
	GlobalSection(NestedProjects) = preSolution
		{A56F7876-281C-4D57-BE71-40863302617E} = {6ED356A7-8B47-4613-AD01-C85CF28491BD}
		{5C2462C0-8E81-48CF-840E-ACFF16E037F5} = {6ED356A7-8B47-4613-AD01-C85CF28491BD}
		{8CD56B13-89DD-4826-A516-F124A585DEBC} = {6ED356A7-8B47-4613-AD01-C85CF28491BD}
		{9F03B8C9-DFCC-4B6A-8FD4-821133BCD38C} = {6ED356A7-8B47-4613-AD01-C85CF28491BD}
		{7B7D2628-C78C-4F51-A192-1177C44ACD4B} = {6ED356A7-8B47-4613-AD01-C85CF28491BD}
		{3D60D020-2191-49FB-BF2E-986967364348} = {6ED356A7-8B47-4613-AD01-C85CF28491BD}
	EndGlobalSection
	GlobalSection(ExtensibilityGlobals) = postSolution
		SolutionGuid = {3CB609D9-5D54-4C11-A371-DAAC8B74E430}
	EndGlobalSection
EndGlobal
